
Microsoft Visual Studio Solution File, Format Version 12.00
# Visual Studio Version 17
VisualStudioVersion = 17.8.34322.80
MinimumVisualStudioVersion = 10.0.40219.1
Project("{9A19103F-16F7-4668-BE54-9A1E7A4F7556}") = "Descartes_ShipRush_test", "Descartes_ShipRush_test.csproj", "{D723DE98-F134-4B70-AAC4-BFE45C5FE568}"
EndProject
Project("{FAE04EC0-301F-11D3-BF4B-00C04F79EFBC}") = "Descartes_ShipRush_testTests", "..\Descartes_ShipRush_testTests\Descartes_ShipRush_testTests.csproj", "{8E752242-C136-4607-9348-3A15BDB8BE15}"
EndProject
Global
	GlobalSection(SolutionConfigurationPlatforms) = preSolution
		Debug|Any CPU = Debug|Any CPU
		Release|Any CPU = Release|Any CPU
	EndGlobalSection
	GlobalSection(ProjectConfigurationPlatforms) = postSolution
		{D723DE98-F134-4B70-AAC4-BFE45C5FE568}.Debug|Any CPU.ActiveCfg = Debug|Any CPU
		{D723DE98-F134-4B70-AAC4-BFE45C5FE568}.Debug|Any CPU.Build.0 = Debug|Any CPU
		{D723DE98-F134-4B70-AAC4-BFE45C5FE568}.Release|Any CPU.ActiveCfg = Release|Any CPU
		{D723DE98-F134-4B70-AAC4-BFE45C5FE568}.Release|Any CPU.Build.0 = Release|Any CPU
		{8E752242-C136-4607-9348-3A15BDB8BE15}.Debug|Any CPU.ActiveCfg = Debug|Any CPU
		{8E752242-C136-4607-9348-3A15BDB8BE15}.Debug|Any CPU.Build.0 = Debug|Any CPU
		{8E752242-C136-4607-9348-3A15BDB8BE15}.Release|Any CPU.ActiveCfg = Release|Any CPU
		{8E752242-C136-4607-9348-3A15BDB8BE15}.Release|Any CPU.Build.0 = Release|Any CPU
	EndGlobalSection
	GlobalSection(SolutionProperties) = preSolution
		HideSolutionNode = FALSE
	EndGlobalSection
	GlobalSection(ExtensibilityGlobals) = postSolution
		SolutionGuid = {3E7E3251-0BCB-423B-8E42-5EFFC264C324}
	EndGlobalSection
EndGlobal
